
Microsoft Visual Studio Solution File, Format Version 12.00
# Visual Studio Version 17
VisualStudioVersion = 17.4.33403.182
MinimumVisualStudioVersion = 10.0.40219.1
Project("{9A19103F-16F7-4668-BE54-9A1E7A4F7556}") = "ParcelDeliveryManagement", "ParcelDeliveryManagement\ParcelDeliveryManagement.csproj", "{3439F362-FA53-4265-8571-80AFE9239310}"
EndProject
Project("{9A19103F-16F7-4668-BE54-9A1E7A4F7556}") = "ParcelDeliveryBusinessLogic", "ParcelDeliveryBusinessLogic\ParcelDeliveryBusinessLogic.csproj", "{15DB1FB9-41A6-4A90-902A-4BE9B46060AF}"
EndProject
Project("{9A19103F-16F7-4668-BE54-9A1E7A4F7556}") = "ParcelDeliveryManagement.UnitTests", "ParcelDeliveryManagement.UnitTests\ParcelDeliveryManagement.UnitTests.csproj", "{2CFE2F0A-253F-4F26-8CE4-992F9DC7F6F0}"
EndProject
Project("{E53339B2-1760-4266-BCC7-CA923CBCF16C}") = "docker-compose", "docker-compose.dcproj", "{0B7723BE-94EC-4E29-8CD9-ECE61939D920}"
EndProject
Global
	GlobalSection(SolutionConfigurationPlatforms) = preSolution
		Debug|Any CPU = Debug|Any CPU
		Release|Any CPU = Release|Any CPU
	EndGlobalSection
	GlobalSection(ProjectConfigurationPlatforms) = postSolution
		{3439F362-FA53-4265-8571-80AFE9239310}.Debug|Any CPU.ActiveCfg = Debug|Any CPU
		{3439F362-FA53-4265-8571-80AFE9239310}.Debug|Any CPU.Build.0 = Debug|Any CPU
		{3439F362-FA53-4265-8571-80AFE9239310}.Release|Any CPU.ActiveCfg = Release|Any CPU
		{3439F362-FA53-4265-8571-80AFE9239310}.Release|Any CPU.Build.0 = Release|Any CPU
		{15DB1FB9-41A6-4A90-902A-4BE9B46060AF}.Debug|Any CPU.ActiveCfg = Debug|Any CPU
		{15DB1FB9-41A6-4A90-902A-4BE9B46060AF}.Debug|Any CPU.Build.0 = Debug|Any CPU
		{15DB1FB9-41A6-4A90-902A-4BE9B46060AF}.Release|Any CPU.ActiveCfg = Release|Any CPU
		{15DB1FB9-41A6-4A90-902A-4BE9B46060AF}.Release|Any CPU.Build.0 = Release|Any CPU
		{2CFE2F0A-253F-4F26-8CE4-992F9DC7F6F0}.Debug|Any CPU.ActiveCfg = Debug|Any CPU
		{2CFE2F0A-253F-4F26-8CE4-992F9DC7F6F0}.Debug|Any CPU.Build.0 = Debug|Any CPU
		{2CFE2F0A-253F-4F26-8CE4-992F9DC7F6F0}.Release|Any CPU.ActiveCfg = Release|Any CPU
		{2CFE2F0A-253F-4F26-8CE4-992F9DC7F6F0}.Release|Any CPU.Build.0 = Release|Any CPU
		{0B7723BE-94EC-4E29-8CD9-ECE61939D920}.Debug|Any CPU.ActiveCfg = Debug|Any CPU
		{0B7723BE-94EC-4E29-8CD9-ECE61939D920}.Debug|Any CPU.Build.0 = Debug|Any CPU
		{0B7723BE-94EC-4E29-8CD9-ECE61939D920}.Release|Any CPU.ActiveCfg = Release|Any CPU
		{0B7723BE-94EC-4E29-8CD9-ECE61939D920}.Release|Any CPU.Build.0 = Release|Any CPU
	EndGlobalSection
	GlobalSection(SolutionProperties) = preSolution
		HideSolutionNode = FALSE
	EndGlobalSection
	GlobalSection(ExtensibilityGlobals) = postSolution
		SolutionGuid = {ACD4EF55-3208-4E6B-95EA-CDEDACF64BE1}
	EndGlobalSection
EndGlobal
